
Microsoft Visual Studio Solution File, Format Version 12.00
# Visual Studio Version 16
VisualStudioVersion = 16.0.30523.141
MinimumVisualStudioVersion = 10.0.40219.1
Project("{9A19103F-16F7-4668-BE54-9A1E7A4F7556}") = "VoterRank.V3", "VoterRank.V3.csproj", "{8F606FA3-0C41-4DB2-8F95-B3146B250129}"
EndProject
Global
	GlobalSection(SolutionConfigurationPlatforms) = preSolution
		Debug|Any CPU = Debug|Any CPU
		Release|Any CPU = Release|Any CPU
	EndGlobalSection
	GlobalSection(ProjectConfigurationPlatforms) = postSolution
		{8F606FA3-0C41-4DB2-8F95-B3146B250129}.Debug|Any CPU.ActiveCfg = Debug|Any CPU
		{8F606FA3-0C41-4DB2-8F95-B3146B250129}.Debug|Any CPU.Build.0 = Debug|Any CPU
		{8F606FA3-0C41-4DB2-8F95-B3146B250129}.Release|Any CPU.ActiveCfg = Release|Any CPU
		{8F606FA3-0C41-4DB2-8F95-B3146B250129}.Release|Any CPU.Build.0 = Release|Any CPU
	EndGlobalSection
	GlobalSection(SolutionProperties) = preSolution
		HideSolutionNode = FALSE
	EndGlobalSection
	GlobalSection(ExtensibilityGlobals) = postSolution
		SolutionGuid = {760DB805-325A-4A60-94DC-3A7744E61B54}
	EndGlobalSection
EndGlobal
